github.com/lucsky/cuid v1.0.2 h1:z4XlExeoderxoPj2/dxKOyPxe9RCOu7yNq9/XWxIUMQ=
github.com/lucsky/cuid v1.0.2/go.mod h1:QaaJqckboimOmhRSJXSx/+IT+VTfxfPGSo/6mfgUfmE=
github.com/rs/cors v1.7.0 h1:+88SsELBHx5r+hZ8TCkggzSstaWNbDvThkVK8H6f9ik=
github.com/rs/cors v1.7.0/go.mod h1:gFx+x8UowdsKA9AchylcLynDq+nNFfI8FkUZdN/jGCU=
